{
  "version": "5",
  "specifiers": {
    "npm:@types/aes-js@^3.1.4": "3.1.4",
    "npm:aes-js@^3.1.2": "3.1.2"
  },
  "npm": {
    "@types/aes-js@3.1.4": {
      "integrity": "sha512-v3D66IptpUqh+pHKVNRxY8yvp2ESSZXe0rTzsGdzUhEwag7ljVfgCllkWv2YgiYXDhWFBrEywll4A5JToyTNFA=="
    },
    "aes-js@3.1.2": {
      "integrity": "sha512-e5pEa2kBnBOgR4Y/p20pskXI74UEz7de8ZGVo58asOtvSVG5YAbJeELPZxOmt+Bnz3rX753YKhfIn4X4l1PPRQ=="
    }
  },
  "workspace": {
    "dependencies": [
      "npm:@types/aes-js@^3.1.4",
      "npm:aes-js@^3.1.2"
    ]
  }
}
